
Microsoft Visual Studio Solution File, Format Version 12.00
# Visual Studio Version 17
VisualStudioVersion = 17.0.31903.59
MinimumVisualStudioVersion = 10.0.40219.1
Project("{FAE04EC0-301F-11D3-BF4B-00C04F79EFBC}") = "HorsesForCourses.Core", "HorsesForCourses.Core\HorsesForCourses.Core.csproj", "{8E28E12D-E1CE-4B66-A989-31EB9B397DC6}"
EndProject
Project("{FAE04EC0-301F-11D3-BF4B-00C04F79EFBC}") = "HorsesForCourses.Tests", "HorsesForCourses.Tests\HorsesForCourses.Tests.csproj", "{D45028C6-A45F-42BD-A59F-F72E31AAE0C6}"
EndProject
Project("{FAE04EC0-301F-11D3-BF4B-00C04F79EFBC}") = "HorsesForCourses.WebApi", "HorsesForCourses.WebApi\HorsesForCourses.WebApi.csproj", "{C0FCFBC5-989F-412E-ACDF-77C94025C4CE}"
EndProject
Project("{FAE04EC0-301F-11D3-BF4B-00C04F79EFBC}") = "HorsesForCourses.Blazor", "HorsesForCourses.Blazor\HorsesForCourses.Blazor.csproj", "{56ECE8C7-6020-4069-B40B-5BF17D6ADD6B}"
EndProject
Project("{FAE04EC0-301F-11D3-BF4B-00C04F79EFBC}") = "HorsesForCourses.Service", "HorsesForCourses.Service\HorsesForCourses.Service.csproj", "{3B52B425-6D5C-4006-8193-297A779F40DB}"
EndProject
Project("{FAE04EC0-301F-11D3-BF4B-00C04F79EFBC}") = "HorsesForCourses.MVC", "HorsesForCourses.MVC\HorsesForCourses.MVC.csproj", "{65EC8AD1-5F6D-4C6B-BE0E-1E2E5A7378C8}"
EndProject
Global
	GlobalSection(SolutionConfigurationPlatforms) = preSolution
		Debug|Any CPU = Debug|Any CPU
		Debug|x64 = Debug|x64
		Debug|x86 = Debug|x86
		Release|Any CPU = Release|Any CPU
		Release|x64 = Release|x64
		Release|x86 = Release|x86
	EndGlobalSection
	GlobalSection(ProjectConfigurationPlatforms) = postSolution
		{8E28E12D-E1CE-4B66-A989-31EB9B397DC6}.Debug|Any CPU.ActiveCfg = Debug|Any CPU
		{8E28E12D-E1CE-4B66-A989-31EB9B397DC6}.Debug|Any CPU.Build.0 = Debug|Any CPU
		{8E28E12D-E1CE-4B66-A989-31EB9B397DC6}.Debug|x64.ActiveCfg = Debug|Any CPU
		{8E28E12D-E1CE-4B66-A989-31EB9B397DC6}.Debug|x64.Build.0 = Debug|Any CPU
		{8E28E12D-E1CE-4B66-A989-31EB9B397DC6}.Debug|x86.ActiveCfg = Debug|Any CPU
		{8E28E12D-E1CE-4B66-A989-31EB9B397DC6}.Debug|x86.Build.0 = Debug|Any CPU
		{8E28E12D-E1CE-4B66-A989-31EB9B397DC6}.Release|Any CPU.ActiveCfg = Release|Any CPU
		{8E28E12D-E1CE-4B66-A989-31EB9B397DC6}.Release|Any CPU.Build.0 = Release|Any CPU
		{8E28E12D-E1CE-4B66-A989-31EB9B397DC6}.Release|x64.ActiveCfg = Release|Any CPU
		{8E28E12D-E1CE-4B66-A989-31EB9B397DC6}.Release|x64.Build.0 = Release|Any CPU
		{8E28E12D-E1CE-4B66-A989-31EB9B397DC6}.Release|x86.ActiveCfg = Release|Any CPU
		{8E28E12D-E1CE-4B66-A989-31EB9B397DC6}.Release|x86.Build.0 = Release|Any CPU
		{D45028C6-A45F-42BD-A59F-F72E31AAE0C6}.Debug|Any CPU.ActiveCfg = Debug|Any CPU
		{D45028C6-A45F-42BD-A59F-F72E31AAE0C6}.Debug|Any CPU.Build.0 = Debug|Any CPU
		{D45028C6-A45F-42BD-A59F-F72E31AAE0C6}.Debug|x64.ActiveCfg = Debug|Any CPU
		{D45028C6-A45F-42BD-A59F-F72E31AAE0C6}.Debug|x64.Build.0 = Debug|Any CPU
		{D45028C6-A45F-42BD-A59F-F72E31AAE0C6}.Debug|x86.ActiveCfg = Debug|Any CPU
		{D45028C6-A45F-42BD-A59F-F72E31AAE0C6}.Debug|x86.Build.0 = Debug|Any CPU
		{D45028C6-A45F-42BD-A59F-F72E31AAE0C6}.Release|Any CPU.ActiveCfg = Release|Any CPU
		{D45028C6-A45F-42BD-A59F-F72E31AAE0C6}.Release|Any CPU.Build.0 = Release|Any CPU
		{D45028C6-A45F-42BD-A59F-F72E31AAE0C6}.Release|x64.ActiveCfg = Release|Any CPU
		{D45028C6-A45F-42BD-A59F-F72E31AAE0C6}.Release|x64.Build.0 = Release|Any CPU
		{D45028C6-A45F-42BD-A59F-F72E31AAE0C6}.Release|x86.ActiveCfg = Release|Any CPU
		{D45028C6-A45F-42BD-A59F-F72E31AAE0C6}.Release|x86.Build.0 = Release|Any CPU
		{C0FCFBC5-989F-412E-ACDF-77C94025C4CE}.Debug|Any CPU.ActiveCfg = Debug|Any CPU
		{C0FCFBC5-989F-412E-ACDF-77C94025C4CE}.Debug|Any CPU.Build.0 = Debug|Any CPU
		{C0FCFBC5-989F-412E-ACDF-77C94025C4CE}.Debug|x64.ActiveCfg = Debug|Any CPU
		{C0FCFBC5-989F-412E-ACDF-77C94025C4CE}.Debug|x64.Build.0 = Debug|Any CPU
		{C0FCFBC5-989F-412E-ACDF-77C94025C4CE}.Debug|x86.ActiveCfg = Debug|Any CPU
		{C0FCFBC5-989F-412E-ACDF-77C94025C4CE}.Debug|x86.Build.0 = Debug|Any CPU
		{C0FCFBC5-989F-412E-ACDF-77C94025C4CE}.Release|Any CPU.ActiveCfg = Release|Any CPU
		{C0FCFBC5-989F-412E-ACDF-77C94025C4CE}.Release|Any CPU.Build.0 = Release|Any CPU
		{C0FCFBC5-989F-412E-ACDF-77C94025C4CE}.Release|x64.ActiveCfg = Release|Any CPU
		{C0FCFBC5-989F-412E-ACDF-77C94025C4CE}.Release|x64.Build.0 = Release|Any CPU
		{C0FCFBC5-989F-412E-ACDF-77C94025C4CE}.Release|x86.ActiveCfg = Release|Any CPU
		{C0FCFBC5-989F-412E-ACDF-77C94025C4CE}.Release|x86.Build.0 = Release|Any CPU
		{56ECE8C7-6020-4069-B40B-5BF17D6ADD6B}.Debug|Any CPU.ActiveCfg = Debug|Any CPU
		{56ECE8C7-6020-4069-B40B-5BF17D6ADD6B}.Debug|Any CPU.Build.0 = Debug|Any CPU
		{56ECE8C7-6020-4069-B40B-5BF17D6ADD6B}.Debug|x64.ActiveCfg = Debug|Any CPU
		{56ECE8C7-6020-4069-B40B-5BF17D6ADD6B}.Debug|x64.Build.0 = Debug|Any CPU
		{56ECE8C7-6020-4069-B40B-5BF17D6ADD6B}.Debug|x86.ActiveCfg = Debug|Any CPU
		{56ECE8C7-6020-4069-B40B-5BF17D6ADD6B}.Debug|x86.Build.0 = Debug|Any CPU
		{56ECE8C7-6020-4069-B40B-5BF17D6ADD6B}.Release|Any CPU.ActiveCfg = Release|Any CPU
		{56ECE8C7-6020-4069-B40B-5BF17D6ADD6B}.Release|Any CPU.Build.0 = Release|Any CPU
		{56ECE8C7-6020-4069-B40B-5BF17D6ADD6B}.Release|x64.ActiveCfg = Release|Any CPU
		{56ECE8C7-6020-4069-B40B-5BF17D6ADD6B}.Release|x64.Build.0 = Release|Any CPU
		{56ECE8C7-6020-4069-B40B-5BF17D6ADD6B}.Release|x86.ActiveCfg = Release|Any CPU
		{56ECE8C7-6020-4069-B40B-5BF17D6ADD6B}.Release|x86.Build.0 = Release|Any CPU
		{3B52B425-6D5C-4006-8193-297A779F40DB}.Debug|Any CPU.ActiveCfg = Debug|Any CPU
		{3B52B425-6D5C-4006-8193-297A779F40DB}.Debug|Any CPU.Build.0 = Debug|Any CPU
		{3B52B425-6D5C-4006-8193-297A779F40DB}.Debug|x64.ActiveCfg = Debug|Any CPU
		{3B52B425-6D5C-4006-8193-297A779F40DB}.Debug|x64.Build.0 = Debug|Any CPU
		{3B52B425-6D5C-4006-8193-297A779F40DB}.Debug|x86.ActiveCfg = Debug|Any CPU
		{3B52B425-6D5C-4006-8193-297A779F40DB}.Debug|x86.Build.0 = Debug|Any CPU
		{3B52B425-6D5C-4006-8193-297A779F40DB}.Release|Any CPU.ActiveCfg = Release|Any CPU
		{3B52B425-6D5C-4006-8193-297A779F40DB}.Release|Any CPU.Build.0 = Release|Any CPU
		{3B52B425-6D5C-4006-8193-297A779F40DB}.Release|x64.ActiveCfg = Release|Any CPU
		{3B52B425-6D5C-4006-8193-297A779F40DB}.Release|x64.Build.0 = Release|Any CPU
		{3B52B425-6D5C-4006-8193-297A779F40DB}.Release|x86.ActiveCfg = Release|Any CPU
		{3B52B425-6D5C-4006-8193-297A779F40DB}.Release|x86.Build.0 = Release|Any CPU
		{65EC8AD1-5F6D-4C6B-BE0E-1E2E5A7378C8}.Debug|Any CPU.ActiveCfg = Debug|Any CPU
		{65EC8AD1-5F6D-4C6B-BE0E-1E2E5A7378C8}.Debug|Any CPU.Build.0 = Debug|Any CPU
		{65EC8AD1-5F6D-4C6B-BE0E-1E2E5A7378C8}.Debug|x64.ActiveCfg = Debug|Any CPU
		{65EC8AD1-5F6D-4C6B-BE0E-1E2E5A7378C8}.Debug|x64.Build.0 = Debug|Any CPU
		{65EC8AD1-5F6D-4C6B-BE0E-1E2E5A7378C8}.Debug|x86.ActiveCfg = Debug|Any CPU
		{65EC8AD1-5F6D-4C6B-BE0E-1E2E5A7378C8}.Debug|x86.Build.0 = Debug|Any CPU
		{65EC8AD1-5F6D-4C6B-BE0E-1E2E5A7378C8}.Release|Any CPU.ActiveCfg = Release|Any CPU
		{65EC8AD1-5F6D-4C6B-BE0E-1E2E5A7378C8}.Release|Any CPU.Build.0 = Release|Any CPU
		{65EC8AD1-5F6D-4C6B-BE0E-1E2E5A7378C8}.Release|x64.ActiveCfg = Release|Any CPU
		{65EC8AD1-5F6D-4C6B-BE0E-1E2E5A7378C8}.Release|x64.Build.0 = Release|Any CPU
		{65EC8AD1-5F6D-4C6B-BE0E-1E2E5A7378C8}.Release|x86.ActiveCfg = Release|Any CPU
		{65EC8AD1-5F6D-4C6B-BE0E-1E2E5A7378C8}.Release|x86.Build.0 = Release|Any CPU
	EndGlobalSection
	GlobalSection(SolutionProperties) = preSolution
		HideSolutionNode = FALSE
	EndGlobalSection
EndGlobal
